// !$*UTF8*$!
{
	archiveVersion = 1;
	classes = {
	};
	objectVersion = 56;
	objects = {

/* Begin PBXBuildFile section */
		712FA1B92ACEFF1900901888 /* Poppins-SemiBold.ttf in Resources */ = {isa = PBXBuildFile; fileRef = 712FA1B82ACEFF1900901888 /* Poppins-SemiBold.ttf */; };
		712FA1BE2ACF1AE300901888 /* ForecastWeatherCollectionViewCell.swift in Sources */ = {isa = PBXBuildFile; fileRef = 712FA1BD2ACF1AE300901888 /* ForecastWeatherCollectionViewCell.swift */; };
		712FA1C02ACF239A00901888 /* Poppins-Medium.ttf in Resources */ = {isa = PBXBuildFile; fileRef = 712FA1BF2ACF239A00901888 /* Poppins-Medium.ttf */; };
		712FA1C32ACF2D8800901888 /* CurrentWeatherModel.swift in Sources */ = {isa = PBXBuildFile; fileRef = 712FA1C22ACF2D8800901888 /* CurrentWeatherModel.swift */; };
		712FA1C62ACF2DB900901888 /* NetworkManager.swift in Sources */ = {isa = PBXBuildFile; fileRef = 712FA1C52ACF2DB900901888 /* NetworkManager.swift */; };
		712FA1C92ACF2F6300901888 /* Alamofire in Frameworks */ = {isa = PBXBuildFile; productRef = 712FA1C82ACF2F6300901888 /* Alamofire */; };
		712FA1CB2ACF4C2E00901888 /* ForecastWeatherModel.swift in Sources */ = {isa = PBXBuildFile; fileRef = 712FA1CA2ACF4C2E00901888 /* ForecastWeatherModel.swift */; };
		714B597A2ACEDC6C00E5DDF3 /* AppDelegate.swift in Sources */ = {isa = PBXBuildFile; fileRef = 714B59792ACEDC6C00E5DDF3 /* AppDelegate.swift */; };
		714B597C2ACEDC6C00E5DDF3 /* SceneDelegate.swift in Sources */ = {isa = PBXBuildFile; fileRef = 714B597B2ACEDC6C00E5DDF3 /* SceneDelegate.swift */; };
		714B597E2ACEDC6C00E5DDF3 /* MainViewController.swift in Sources */ = {isa = PBXBuildFile; fileRef = 714B597D2ACEDC6C00E5DDF3 /* MainViewController.swift */; };
		714B59832ACEDC6F00E5DDF3 /* Assets.xcassets in Resources */ = {isa = PBXBuildFile; fileRef = 714B59822ACEDC6F00E5DDF3 /* Assets.xcassets */; };
		714B59862ACEDC6F00E5DDF3 /* LaunchScreen.storyboard in Resources */ = {isa = PBXBuildFile; fileRef = 714B59842ACEDC6F00E5DDF3 /* LaunchScreen.storyboard */; };
		714B59902ACEE00600E5DDF3 /* CurrentWeatherCollectionViewCell.swift in Sources */ = {isa = PBXBuildFile; fileRef = 714B598F2ACEE00600E5DDF3 /* CurrentWeatherCollectionViewCell.swift */; };
		714B59962ACEFC8800E5DDF3 /* Poppins-Regular.ttf in Resources */ = {isa = PBXBuildFile; fileRef = 714B59952ACEFC8800E5DDF3 /* Poppins-Regular.ttf */; };
		719017512AD2E14C00B0665E /* Reachability in Frameworks */ = {isa = PBXBuildFile; productRef = 719017502AD2E14C00B0665E /* Reachability */; };
		71A818162AD0654900D0BFFC /* EnumForStateOfWeather.swift in Sources */ = {isa = PBXBuildFile; fileRef = 71A818152AD0654900D0BFFC /* EnumForStateOfWeather.swift */; };
		71A818192AD073ED00D0BFFC /* StateOfImage.swift in Sources */ = {isa = PBXBuildFile; fileRef = 71A818182AD073ED00D0BFFC /* StateOfImage.swift */; };
		71A8181D2AD0773C00D0BFFC /* FormatterDate.swift in Sources */ = {isa = PBXBuildFile; fileRef = 71A8181C2AD0773C00D0BFFC /* FormatterDate.swift */; };
		71A818202AD07D4F00D0BFFC /* SettingsViewController.swift in Sources */ = {isa = PBXBuildFile; fileRef = 71A8181F2AD07D4F00D0BFFC /* SettingsViewController.swift */; };
		71A818232AD07E6600D0BFFC /* extraColor.swift in Sources */ = {isa = PBXBuildFile; fileRef = 71A818222AD07E6600D0BFFC /* extraColor.swift */; };
		71C607772AD1699800B938A9 /* ForecastWeather7DaysViewControllers.swift in Sources */ = {isa = PBXBuildFile; fileRef = 71C607762AD1699800B938A9 /* ForecastWeather7DaysViewControllers.swift */; };
		71C6077C2AD16C4600B938A9 /* ForecastWeatherFor7DaysTableViewCell.swift in Sources */ = {isa = PBXBuildFile; fileRef = 71C6077B2AD16C4600B938A9 /* ForecastWeatherFor7DaysTableViewCell.swift */; };
		71C6077F2AD1AA1600B938A9 /* ManageLocationViewController.swift in Sources */ = {isa = PBXBuildFile; fileRef = 71C6077E2AD1AA1600B938A9 /* ManageLocationViewController.swift */; };
		71C607822AD1B79A00B938A9 /* String.swift in Sources */ = {isa = PBXBuildFile; fileRef = 71C607812AD1B79A00B938A9 /* String.swift */; };
		71C607862AD1B8D000B938A9 /* Localizable.strings in Resources */ = {isa = PBXBuildFile; fileRef = 71C607882AD1B8D000B938A9 /* Localizable.strings */; };
/* End PBXBuildFile section */

/* Begin PBXBuildRule section */
		712FA1BA2ACF004000901888 /* PBXBuildRule */ = {
			isa = PBXBuildRule;
			compilerSpec = com.apple.compilers.proxy.script;
			fileType = pattern.proxy;
			inputFiles = (
			);
			isEditable = 1;
			outputFiles = (
			);
			script = "# Type a script or drag a script file from your workspace to insert its path.\n";
		};
/* End PBXBuildRule section */

/* Begin PBXFileReference section */
		712FA1B82ACEFF1900901888 /* Poppins-SemiBold.ttf */ = {isa = PBXFileReference; lastKnownFileType = file; path = "Poppins-SemiBold.ttf"; sourceTree = "<group>"; };
		712FA1BD2ACF1AE300901888 /* ForecastWeatherCollectionViewCell.swift */ = {isa = PBXFileReference; lastKnownFileType = sourcecode.swift; path = ForecastWeatherCollectionViewCell.swift; sourceTree = "<group>"; };
		712FA1BF2ACF239A00901888 /* Poppins-Medium.ttf */ = {isa = PBXFileReference; lastKnownFileType = file; path = "Poppins-Medium.ttf"; sourceTree = "<group>"; };
		712FA1C22ACF2D8800901888 /* CurrentWeatherModel.swift */ = {isa = PBXFileReference; lastKnownFileType = sourcecode.swift; path = CurrentWeatherModel.swift; sourceTree = "<group>"; };
		712FA1C52ACF2DB900901888 /* NetworkManager.swift */ = {isa = PBXFileReference; lastKnownFileType = sourcecode.swift; path = NetworkManager.swift; sourceTree = "<group>"; };
		712FA1CA2ACF4C2E00901888 /* ForecastWeatherModel.swift */ = {isa = PBXFileReference; lastKnownFileType = sourcecode.swift; path = ForecastWeatherModel.swift; sourceTree = "<group>"; };
		714B59762ACEDC6C00E5DDF3 /* WeatherApp.app */ = {isa = PBXFileReference; explicitFileType = wrapper.application; includeInIndex = 0; path = WeatherApp.app; sourceTree = BUILT_PRODUCTS_DIR; };
		714B59792ACEDC6C00E5DDF3 /* AppDelegate.swift */ = {isa = PBXFileReference; lastKnownFileType = sourcecode.swift; path = AppDelegate.swift; sourceTree = "<group>"; };
		714B597B2ACEDC6C00E5DDF3 /* SceneDelegate.swift */ = {isa = PBXFileReference; lastKnownFileType = sourcecode.swift; path = SceneDelegate.swift; sourceTree = "<group>"; };
		714B597D2ACEDC6C00E5DDF3 /* MainViewController.swift */ = {isa = PBXFileReference; lastKnownFileType = sourcecode.swift; path = MainViewController.swift; sourceTree = "<group>"; };
		714B59822ACEDC6F00E5DDF3 /* Assets.xcassets */ = {isa = PBXFileReference; lastKnownFileType = folder.assetcatalog; path = Assets.xcassets; sourceTree = "<group>"; };
		714B59852ACEDC6F00E5DDF3 /* Base */ = {isa = PBXFileReference; lastKnownFileType = file.storyboard; name = Base; path = Base.lproj/LaunchScreen.storyboard; sourceTree = "<group>"; };
		714B59872ACEDC6F00E5DDF3 /* Info.plist */ = {isa = PBXFileReference; lastKnownFileType = text.plist.xml; path = Info.plist; sourceTree = "<group>"; };
		714B598F2ACEE00600E5DDF3 /* CurrentWeatherCollectionViewCell.swift */ = {isa = PBXFileReference; lastKnownFileType = sourcecode.swift; path = CurrentWeatherCollectionViewCell.swift; sourceTree = "<group>"; };
		714B59952ACEFC8800E5DDF3 /* Poppins-Regular.ttf */ = {isa = PBXFileReference; lastKnownFileType = file; path = "Poppins-Regular.ttf"; sourceTree = "<group>"; };
		71A818152AD0654900D0BFFC /* EnumForStateOfWeather.swift */ = {isa = PBXFileReference; lastKnownFileType = sourcecode.swift; path = EnumForStateOfWeather.swift; sourceTree = "<group>"; };
		71A818182AD073ED00D0BFFC /* StateOfImage.swift */ = {isa = PBXFileReference; lastKnownFileType = sourcecode.swift; path = StateOfImage.swift; sourceTree = "<group>"; };
		71A8181C2AD0773C00D0BFFC /* FormatterDate.swift */ = {isa = PBXFileReference; lastKnownFileType = sourcecode.swift; path = FormatterDate.swift; sourceTree = "<group>"; };
		71A8181F2AD07D4F00D0BFFC /* SettingsViewController.swift */ = {isa = PBXFileReference; lastKnownFileType = sourcecode.swift; path = SettingsViewController.swift; sourceTree = "<group>"; };
		71A818222AD07E6600D0BFFC /* extraColor.swift */ = {isa = PBXFileReference; lastKnownFileType = sourcecode.swift; path = extraColor.swift; sourceTree = "<group>"; };
		71C607762AD1699800B938A9 /* ForecastWeather7DaysViewControllers.swift */ = {isa = PBXFileReference; lastKnownFileType = sourcecode.swift; path = ForecastWeather7DaysViewControllers.swift; sourceTree = "<group>"; };
		71C6077B2AD16C4600B938A9 /* ForecastWeatherFor7DaysTableViewCell.swift */ = {isa = PBXFileReference; lastKnownFileType = sourcecode.swift; path = ForecastWeatherFor7DaysTableViewCell.swift; sourceTree = "<group>"; };
		71C6077E2AD1AA1600B938A9 /* ManageLocationViewController.swift */ = {isa = PBXFileReference; lastKnownFileType = sourcecode.swift; path = ManageLocationViewController.swift; sourceTree = "<group>"; };
		71C607802AD1B6F400B938A9 /* uk */ = {isa = PBXFileReference; lastKnownFileType = text.plist.strings; name = uk; path = uk.lproj/LaunchScreen.strings; sourceTree = "<group>"; };
		71C607812AD1B79A00B938A9 /* String.swift */ = {isa = PBXFileReference; lastKnownFileType = sourcecode.swift; path = String.swift; sourceTree = "<group>"; };
		71C607872AD1B8D000B938A9 /* en */ = {isa = PBXFileReference; lastKnownFileType = text.plist.strings; name = en; path = en.lproj/Localizable.strings; sourceTree = "<group>"; };
		71C607892AD1B8EF00B938A9 /* uk */ = {isa = PBXFileReference; lastKnownFileType = text.plist.strings; name = uk; path = uk.lproj/Localizable.strings; sourceTree = "<group>"; };
/* End PBXFileReference section */

/* Begin PBXFrameworksBuildPhase section */
		714B59732ACEDC6C00E5DDF3 /* Frameworks */ = {
			isa = PBXFrameworksBuildPhase;
			buildActionMask = 2147483647;
			files = (
				712FA1C92ACF2F6300901888 /* Alamofire in Frameworks */,
				719017512AD2E14C00B0665E /* Reachability in Frameworks */,
			);
			runOnlyForDeploymentPostprocessing = 0;
		};
/* End PBXFrameworksBuildPhase section */

/* Begin PBXGroup section */
		712FA1C12ACF2D7200901888 /* Model */ = {
			isa = PBXGroup;
			children = (
				712FA1C22ACF2D8800901888 /* CurrentWeatherModel.swift */,
				712FA1CA2ACF4C2E00901888 /* ForecastWeatherModel.swift */,
			);
			path = Model;
			sourceTree = "<group>";
		};
		712FA1C42ACF2DA600901888 /* NetworkManager */ = {
			isa = PBXGroup;
			children = (
				712FA1C52ACF2DB900901888 /* NetworkManager.swift */,
			);
			path = NetworkManager;
			sourceTree = "<group>";
		};
		714B596D2ACEDC6C00E5DDF3 = {
			isa = PBXGroup;
			children = (
				714B59782ACEDC6C00E5DDF3 /* WeatherApp */,
				714B59772ACEDC6C00E5DDF3 /* Products */,
			);
			sourceTree = "<group>";
		};
		714B59772ACEDC6C00E5DDF3 /* Products */ = {
			isa = PBXGroup;
			children = (
				714B59762ACEDC6C00E5DDF3 /* WeatherApp.app */,
			);
			name = Products;
			sourceTree = "<group>";
		};
		714B59782ACEDC6C00E5DDF3 /* WeatherApp */ = {
			isa = PBXGroup;
			children = (
				714B598E2ACEDE1400E5DDF3 /* Application */,
				71A818142AD0652800D0BFFC /* EnumForStateOfWeather */,
				71A818172AD073C600D0BFFC /* Extension */,
				712FA1C12ACF2D7200901888 /* Model */,
				712FA1C42ACF2DA600901888 /* NetworkManager */,
				714B598D2ACEDD5100E5DDF3 /* SupportingFiles */,
				71A8181E2AD07D2900D0BFFC /* ViewControllers */,
				71C607882AD1B8D000B938A9 /* Localizable.strings */,
			);
			path = WeatherApp;
			sourceTree = "<group>";
		};
		714B598D2ACEDD5100E5DDF3 /* SupportingFiles */ = {
			isa = PBXGroup;
			children = (
				714B59822ACEDC6F00E5DDF3 /* Assets.xcassets */,
				714B59842ACEDC6F00E5DDF3 /* LaunchScreen.storyboard */,
				714B59872ACEDC6F00E5DDF3 /* Info.plist */,
				714B59942ACEFAAE00E5DDF3 /* Fonts */,
			);
			path = SupportingFiles;
			sourceTree = "<group>";
		};
		714B598E2ACEDE1400E5DDF3 /* Application */ = {
			isa = PBXGroup;
			children = (
				714B59792ACEDC6C00E5DDF3 /* AppDelegate.swift */,
				714B597B2ACEDC6C00E5DDF3 /* SceneDelegate.swift */,
			);
			path = Application;
			sourceTree = "<group>";
		};
		714B59942ACEFAAE00E5DDF3 /* Fonts */ = {
			isa = PBXGroup;
			children = (
				714B59952ACEFC8800E5DDF3 /* Poppins-Regular.ttf */,
				712FA1B82ACEFF1900901888 /* Poppins-SemiBold.ttf */,
				712FA1BF2ACF239A00901888 /* Poppins-Medium.ttf */,
			);
			path = Fonts;
			sourceTree = "<group>";
		};
		71A818142AD0652800D0BFFC /* EnumForStateOfWeather */ = {
			isa = PBXGroup;
			children = (
				71A818152AD0654900D0BFFC /* EnumForStateOfWeather.swift */,
			);
			path = EnumForStateOfWeather;
			sourceTree = "<group>";
		};
		71A818172AD073C600D0BFFC /* Extension */ = {
			isa = PBXGroup;
			children = (
				71A818212AD07E5500D0BFFC /* UIColor */,
				71A8181B2AD0771E00D0BFFC /* UILabel */,
				71A8181A2AD076E700D0BFFC /* UIImageView */,
				71C607832AD1B79E00B938A9 /* String */,
			);
			path = Extension;
			sourceTree = "<group>";
		};
		71A8181A2AD076E700D0BFFC /* UIImageView */ = {
			isa = PBXGroup;
			children = (
				71A818182AD073ED00D0BFFC /* StateOfImage.swift */,
			);
			path = UIImageView;
			sourceTree = "<group>";
		};
		71A8181B2AD0771E00D0BFFC /* UILabel */ = {
			isa = PBXGroup;
			children = (
				71A8181C2AD0773C00D0BFFC /* FormatterDate.swift */,
			);
			path = UILabel;
			sourceTree = "<group>";
		};
		71A8181E2AD07D2900D0BFFC /* ViewControllers */ = {
			isa = PBXGroup;
			children = (
				71C607782AD169B500B938A9 /* MainViewController */,
				71C607792AD169BF00B938A9 /* SettingsViewController */,
				71C6077A2AD169C900B938A9 /* ForecastFor7DaysViewController */,
				71C6077D2AD1A9FA00B938A9 /* Manage location */,
			);
			path = ViewControllers;
			sourceTree = "<group>";
		};
		71A818212AD07E5500D0BFFC /* UIColor */ = {
			isa = PBXGroup;
			children = (
				71A818222AD07E6600D0BFFC /* extraColor.swift */,
			);
			path = UIColor;
			sourceTree = "<group>";
		};
		71C607782AD169B500B938A9 /* MainViewController */ = {
			isa = PBXGroup;
			children = (
				714B597D2ACEDC6C00E5DDF3 /* MainViewController.swift */,
				714B598F2ACEE00600E5DDF3 /* CurrentWeatherCollectionViewCell.swift */,
				712FA1BD2ACF1AE300901888 /* ForecastWeatherCollectionViewCell.swift */,
			);
			path = MainViewController;
			sourceTree = "<group>";
		};
		71C607792AD169BF00B938A9 /* SettingsViewController */ = {
			isa = PBXGroup;
			children = (
				71A8181F2AD07D4F00D0BFFC /* SettingsViewController.swift */,
			);
			path = SettingsViewController;
			sourceTree = "<group>";
		};
		71C6077A2AD169C900B938A9 /* ForecastFor7DaysViewController */ = {
			isa = PBXGroup;
			children = (
				71C607762AD1699800B938A9 /* ForecastWeather7DaysViewControllers.swift */,
				71C6077B2AD16C4600B938A9 /* ForecastWeatherFor7DaysTableViewCell.swift */,
			);
			path = ForecastFor7DaysViewController;
			sourceTree = "<group>";
		};
		71C6077D2AD1A9FA00B938A9 /* Manage location */ = {
			isa = PBXGroup;
			children = (
				71C6077E2AD1AA1600B938A9 /* ManageLocationViewController.swift */,
			);
			path = "Manage location";
			sourceTree = "<group>";
		};
		71C607832AD1B79E00B938A9 /* String */ = {
			isa = PBXGroup;
			children = (
				71C607812AD1B79A00B938A9 /* String.swift */,
			);
			path = String;
			sourceTree = "<group>";
		};
/* End PBXGroup section */

/* Begin PBXNativeTarget section */
		714B59752ACEDC6C00E5DDF3 /* WeatherApp */ = {
			isa = PBXNativeTarget;
			buildConfigurationList = 714B598A2ACEDC6F00E5DDF3 /* Build configuration list for PBXNativeTarget "WeatherApp" */;
			buildPhases = (
				714B59722ACEDC6C00E5DDF3 /* Sources */,
				714B59732ACEDC6C00E5DDF3 /* Frameworks */,
				714B59742ACEDC6C00E5DDF3 /* Resources */,
			);
			buildRules = (
				712FA1BA2ACF004000901888 /* PBXBuildRule */,
			);
			dependencies = (
			);
			name = WeatherApp;
			packageProductDependencies = (
				712FA1C82ACF2F6300901888 /* Alamofire */,
				719017502AD2E14C00B0665E /* Reachability */,
			);
			productName = WeatherApp;
			productReference = 714B59762ACEDC6C00E5DDF3 /* WeatherApp.app */;
			productType = "com.apple.product-type.application";
		};
/* End PBXNativeTarget section */

/* Begin PBXProject section */
		714B596E2ACEDC6C00E5DDF3 /* Project object */ = {
			isa = PBXProject;
			attributes = {
				BuildIndependentTargetsInParallel = 1;
				LastSwiftUpdateCheck = 1420;
				LastUpgradeCheck = 1420;
				TargetAttributes = {
					714B59752ACEDC6C00E5DDF3 = {
						CreatedOnToolsVersion = 14.2;
					};
				};
			};
			buildConfigurationList = 714B59712ACEDC6C00E5DDF3 /* Build configuration list for PBXProject "WeatherApp" */;
			compatibilityVersion = "Xcode 14.0";
			developmentRegion = en;
			hasScannedForEncodings = 0;
			knownRegions = (
				en,
				Base,
				uk,
			);
			mainGroup = 714B596D2ACEDC6C00E5DDF3;
			packageReferences = (
				712FA1C72ACF2F6300901888 /* XCRemoteSwiftPackageReference "Alamofire" */,
				7190174F2AD2E14B00B0665E /* XCRemoteSwiftPackageReference "Reachability.swift" */,
			);
			productRefGroup = 714B59772ACEDC6C00E5DDF3 /* Products */;
			projectDirPath = "";
			projectRoot = "";
			targets = (
				714B59752ACEDC6C00E5DDF3 /* WeatherApp */,
			);
		};
/* End PBXProject section */

/* Begin PBXResourcesBuildPhase section */
		714B59742ACEDC6C00E5DDF3 /* Resources */ = {
			isa = PBXResourcesBuildPhase;
			buildActionMask = 2147483647;
			files = (
				714B59962ACEFC8800E5DDF3 /* Poppins-Regular.ttf in Resources */,
				71C607862AD1B8D000B938A9 /* Localizable.strings in Resources */,
				712FA1B92ACEFF1900901888 /* Poppins-SemiBold.ttf in Resources */,
				714B59862ACEDC6F00E5DDF3 /* LaunchScreen.storyboard in Resources */,
				714B59832ACEDC6F00E5DDF3 /* Assets.xcassets in Resources */,
				712FA1C02ACF239A00901888 /* Poppins-Medium.ttf in Resources */,
			);
			runOnlyForDeploymentPostprocessing = 0;
		};
/* End PBXResourcesBuildPhase section */

/* Begin PBXSourcesBuildPhase section */
		714B59722ACEDC6C00E5DDF3 /* Sources */ = {
			isa = PBXSourcesBuildPhase;
			buildActionMask = 2147483647;
			files = (
				71A818232AD07E6600D0BFFC /* extraColor.swift in Sources */,
				71A8181D2AD0773C00D0BFFC /* FormatterDate.swift in Sources */,
				71A818192AD073ED00D0BFFC /* StateOfImage.swift in Sources */,
				714B597E2ACEDC6C00E5DDF3 /* MainViewController.swift in Sources */,
				712FA1BE2ACF1AE300901888 /* ForecastWeatherCollectionViewCell.swift in Sources */,
				712FA1C32ACF2D8800901888 /* CurrentWeatherModel.swift in Sources */,
				71C6077F2AD1AA1600B938A9 /* ManageLocationViewController.swift in Sources */,
				712FA1C62ACF2DB900901888 /* NetworkManager.swift in Sources */,
				71A818162AD0654900D0BFFC /* EnumForStateOfWeather.swift in Sources */,
				714B597A2ACEDC6C00E5DDF3 /* AppDelegate.swift in Sources */,
				712FA1CB2ACF4C2E00901888 /* ForecastWeatherModel.swift in Sources */,
				71C6077C2AD16C4600B938A9 /* ForecastWeatherFor7DaysTableViewCell.swift in Sources */,
				714B597C2ACEDC6C00E5DDF3 /* SceneDelegate.swift in Sources */,
				714B59902ACEE00600E5DDF3 /* CurrentWeatherCollectionViewCell.swift in Sources */,
				71C607822AD1B79A00B938A9 /* String.swift in Sources */,
				71C607772AD1699800B938A9 /* ForecastWeather7DaysViewControllers.swift in Sources */,
				71A818202AD07D4F00D0BFFC /* SettingsViewController.swift in Sources */,
			);
			runOnlyForDeploymentPostprocessing = 0;
		};
/* End PBXSourcesBuildPhase section */

/* Begin PBXVariantGroup section */
		714B59842ACEDC6F00E5DDF3 /* LaunchScreen.storyboard */ = {
			isa = PBXVariantGroup;
			children = (
				714B59852ACEDC6F00E5DDF3 /* Base */,
				71C607802AD1B6F400B938A9 /* uk */,
			);
			name = LaunchScreen.storyboard;
			sourceTree = "<group>";
		};
		71C607882AD1B8D000B938A9 /* Localizable.strings */ = {
			isa = PBXVariantGroup;
			children = (
				71C607872AD1B8D000B938A9 /* en */,
				71C607892AD1B8EF00B938A9 /* uk */,
			);
			name = Localizable.strings;
			sourceTree = "<group>";
		};
/* End PBXVariantGroup section */

/* Begin XCBuildConfiguration section */
		714B59882ACEDC6F00E5DDF3 /* Debug */ = {
			isa = XCBuildConfiguration;
			buildSettings = {
				ALWAYS_SEARCH_USER_PATHS = NO;
				CLANG_ANALYZER_LOCALIZABILITY_NONLOCALIZED = YES;
				CLANG_ANALYZER_NONNULL = YES;
				CLANG_ANALYZER_NUMBER_OBJECT_CONVERSION = YES_AGGRESSIVE;
				CLANG_CXX_LANGUAGE_STANDARD = "gnu++20";
				CLANG_ENABLE_MODULES = YES;
				CLANG_ENABLE_OBJC_ARC = YES;
				CLANG_ENABLE_OBJC_WEAK = YES;
				CLANG_WARN_BLOCK_CAPTURE_AUTORELEASING = YES;
				CLANG_WARN_BOOL_CONVERSION = YES;
				CLANG_WARN_COMMA = YES;
				CLANG_WARN_CONSTANT_CONVERSION = YES;
				CLANG_WARN_DEPRECATED_OBJC_IMPLEMENTATIONS = YES;
				CLANG_WARN_DIRECT_OBJC_ISA_USAGE = YES_ERROR;
				CLANG_WARN_DOCUMENTATION_COMMENTS = YES;
				CLANG_WARN_EMPTY_BODY = YES;
				CLANG_WARN_ENUM_CONVERSION = YES;
				CLANG_WARN_INFINITE_RECURSION = YES;
				CLANG_WARN_INT_CONVERSION = YES;
				CLANG_WARN_NON_LITERAL_NULL_CONVERSION = YES;
				CLANG_WARN_OBJC_IMPLICIT_RETAIN_SELF = YES;
				CLANG_WARN_OBJC_LITERAL_CONVERSION = YES;
				CLANG_WARN_OBJC_ROOT_CLASS = YES_ERROR;
				CLANG_WARN_QUOTED_INCLUDE_IN_FRAMEWORK_HEADER = YES;
				CLANG_WARN_RANGE_LOOP_ANALYSIS = YES;
				CLANG_WARN_STRICT_PROTOTYPES = YES;
				CLANG_WARN_SUSPICIOUS_MOVE = YES;
				CLANG_WARN_UNGUARDED_AVAILABILITY = YES_AGGRESSIVE;
				CLANG_WARN_UNREACHABLE_CODE = YES;
				CLANG_WARN__DUPLICATE_METHOD_MATCH = YES;
				COPY_PHASE_STRIP = NO;
				DEBUG_INFORMATION_FORMAT = dwarf;
				ENABLE_STRICT_OBJC_MSGSEND = YES;
				ENABLE_TESTABILITY = YES;
				GCC_C_LANGUAGE_STANDARD = gnu11;
				GCC_DYNAMIC_NO_PIC = NO;
				GCC_NO_COMMON_BLOCKS = YES;
				GCC_OPTIMIZATION_LEVEL = 0;
				GCC_PREPROCESSOR_DEFINITIONS = (
					"DEBUG=1",
					"$(inherited)",
				);
				GCC_WARN_64_TO_32_BIT_CONVERSION = YES;
				GCC_WARN_ABOUT_RETURN_TYPE = YES_ERROR;
				GCC_WARN_UNDECLARED_SELECTOR = YES;
				GCC_WARN_UNINITIALIZED_AUTOS = YES_AGGRESSIVE;
				GCC_WARN_UNUSED_FUNCTION = YES;
				GCC_WARN_UNUSED_VARIABLE = YES;
				IPHONEOS_DEPLOYMENT_TARGET = 16.2;
				MTL_ENABLE_DEBUG_INFO = INCLUDE_SOURCE;
				MTL_FAST_MATH = YES;
				ONLY_ACTIVE_ARCH = YES;
				SDKROOT = iphoneos;
				SWIFT_ACTIVE_COMPILATION_CONDITIONS = DEBUG;
				SWIFT_OPTIMIZATION_LEVEL = "-Onone";
			};
			name = Debug;
		};
		714B59892ACEDC6F00E5DDF3 /* Release */ = {
			isa = XCBuildConfiguration;
			buildSettings = {
				ALWAYS_SEARCH_USER_PATHS = NO;
				CLANG_ANALYZER_LOCALIZABILITY_NONLOCALIZED = YES;
				CLANG_ANALYZER_NONNULL = YES;
				CLANG_ANALYZER_NUMBER_OBJECT_CONVERSION = YES_AGGRESSIVE;
				CLANG_CXX_LANGUAGE_STANDARD = "gnu++20";
				CLANG_ENABLE_MODULES = YES;
				CLANG_ENABLE_OBJC_ARC = YES;
				CLANG_ENABLE_OBJC_WEAK = YES;
				CLANG_WARN_BLOCK_CAPTURE_AUTORELEASING = YES;
				CLANG_WARN_BOOL_CONVERSION = YES;
				CLANG_WARN_COMMA = YES;
				CLANG_WARN_CONSTANT_CONVERSION = YES;
				CLANG_WARN_DEPRECATED_OBJC_IMPLEMENTATIONS = YES;
				CLANG_WARN_DIRECT_OBJC_ISA_USAGE = YES_ERROR;
				CLANG_WARN_DOCUMENTATION_COMMENTS = YES;
				CLANG_WARN_EMPTY_BODY = YES;
				CLANG_WARN_ENUM_CONVERSION = YES;
				CLANG_WARN_INFINITE_RECURSION = YES;
				CLANG_WARN_INT_CONVERSION = YES;
				CLANG_WARN_NON_LITERAL_NULL_CONVERSION = YES;
				CLANG_WARN_OBJC_IMPLICIT_RETAIN_SELF = YES;
				CLANG_WARN_OBJC_LITERAL_CONVERSION = YES;
				CLANG_WARN_OBJC_ROOT_CLASS = YES_ERROR;
				CLANG_WARN_QUOTED_INCLUDE_IN_FRAMEWORK_HEADER = YES;
				CLANG_WARN_RANGE_LOOP_ANALYSIS = YES;
				CLANG_WARN_STRICT_PROTOTYPES = YES;
				CLANG_WARN_SUSPICIOUS_MOVE = YES;
				CLANG_WARN_UNGUARDED_AVAILABILITY = YES_AGGRESSIVE;
				CLANG_WARN_UNREACHABLE_CODE = YES;
				CLANG_WARN__DUPLICATE_METHOD_MATCH = YES;
				COPY_PHASE_STRIP = NO;
				DEBUG_INFORMATION_FORMAT = "dwarf-with-dsym";
				ENABLE_NS_ASSERTIONS = NO;
				ENABLE_STRICT_OBJC_MSGSEND = YES;
				GCC_C_LANGUAGE_STANDARD = gnu11;
				GCC_NO_COMMON_BLOCKS = YES;
				GCC_WARN_64_TO_32_BIT_CONVERSION = YES;
				GCC_WARN_ABOUT_RETURN_TYPE = YES_ERROR;
				GCC_WARN_UNDECLARED_SELECTOR = YES;
				GCC_WARN_UNINITIALIZED_AUTOS = YES_AGGRESSIVE;
				GCC_WARN_UNUSED_FUNCTION = YES;
				GCC_WARN_UNUSED_VARIABLE = YES;
				IPHONEOS_DEPLOYMENT_TARGET = 16.2;
				MTL_ENABLE_DEBUG_INFO = NO;
				MTL_FAST_MATH = YES;
				SDKROOT = iphoneos;
				SWIFT_COMPILATION_MODE = wholemodule;
				SWIFT_OPTIMIZATION_LEVEL = "-O";
				VALIDATE_PRODUCT = YES;
			};
			name = Release;
		};
		714B598B2ACEDC6F00E5DDF3 /* Debug */ = {
			isa = XCBuildConfiguration;
			buildSettings = {
				ASSETCATALOG_COMPILER_APPICON_NAME = AppIcon;
				ASSETCATALOG_COMPILER_GLOBAL_ACCENT_COLOR_NAME = AccentColor;
				CODE_SIGN_STYLE = Automatic;
				CURRENT_PROJECT_VERSION = 1;
				DEVELOPMENT_TEAM = 8U5JRPA4B7;
				GENERATE_INFOPLIST_FILE = YES;
				INFOPLIST_FILE = WeatherApp/SupportingFiles/Info.plist;
				INFOPLIST_KEY_UIApplicationSupportsIndirectInputEvents = YES;
				INFOPLIST_KEY_UILaunchStoryboardName = LaunchScreen;
				INFOPLIST_KEY_UISupportedInterfaceOrientations_iPad = "UIInterfaceOrientationPortrait UIInterfaceOrientationPortraitUpsideDown UIInterfaceOrientationLandscapeLeft UIInterfaceOrientationLandscapeRight";
				INFOPLIST_KEY_UISupportedInterfaceOrientations_iPhone = "UIInterfaceOrientationPortrait UIInterfaceOrientationLandscapeLeft UIInterfaceOrientationLandscapeRight";
				IPHONEOS_DEPLOYMENT_TARGET = 16.0;
				LD_RUNPATH_SEARCH_PATHS = (
					"$(inherited)",
					"@executable_path/Frameworks",
				);
				MARKETING_VERSION = 1.0;
				PRODUCT_BUNDLE_IDENTIFIER = PipsNotSolution.WeatherApp;
				PRODUCT_NAME = "$(TARGET_NAME)";
				SWIFT_EMIT_LOC_STRINGS = YES;
				SWIFT_VERSION = 5.0;
				TARGETED_DEVICE_FAMILY = "1,2";
			};
			name = Debug;
		};
		714B598C2ACEDC6F00E5DDF3 /* Release */ = {
			isa = XCBuildConfiguration;
			buildSettings = {
				ASSETCATALOG_COMPILER_APPICON_NAME = AppIcon;
				ASSETCATALOG_COMPILER_GLOBAL_ACCENT_COLOR_NAME = AccentColor;
				CODE_SIGN_STYLE = Automatic;
				CURRENT_PROJECT_VERSION = 1;
				DEVELOPMENT_TEAM = 8U5JRPA4B7;
				GENERATE_INFOPLIST_FILE = YES;
				INFOPLIST_FILE = WeatherApp/SupportingFiles/Info.plist;
				INFOPLIST_KEY_UIApplicationSupportsIndirectInputEvents = YES;
				INFOPLIST_KEY_UILaunchStoryboardName = LaunchScreen;
				INFOPLIST_KEY_UISupportedInterfaceOrientations_iPad = "UIInterfaceOrientationPortrait UIInterfaceOrientationPortraitUpsideDown UIInterfaceOrientationLandscapeLeft UIInterfaceOrientationLandscapeRight";
				INFOPLIST_KEY_UISupportedInterfaceOrientations_iPhone = "UIInterfaceOrientationPortrait UIInterfaceOrientationLandscapeLeft UIInterfaceOrientationLandscapeRight";
				IPHONEOS_DEPLOYMENT_TARGET = 16.0;
				LD_RUNPATH_SEARCH_PATHS = (
					"$(inherited)",
					"@executable_path/Frameworks",
				);
				MARKETING_VERSION = 1.0;
				PRODUCT_BUNDLE_IDENTIFIER = PipsNotSolution.WeatherApp;
				PRODUCT_NAME = "$(TARGET_NAME)";
				SWIFT_EMIT_LOC_STRINGS = YES;
				SWIFT_VERSION = 5.0;
				TARGETED_DEVICE_FAMILY = "1,2";
			};
			name = Release;
		};
/* End XCBuildConfiguration section */

/* Begin XCConfigurationList section */
		714B59712ACEDC6C00E5DDF3 /* Build configuration list for PBXProject "WeatherApp" */ = {
			isa = XCConfigurationList;
			buildConfigurations = (
				714B59882ACEDC6F00E5DDF3 /* Debug */,
				714B59892ACEDC6F00E5DDF3 /* Release */,
			);
			defaultConfigurationIsVisible = 0;
			defaultConfigurationName = Release;
		};
		714B598A2ACEDC6F00E5DDF3 /* Build configuration list for PBXNativeTarget "WeatherApp" */ = {
			isa = XCConfigurationList;
			buildConfigurations = (
				714B598B2ACEDC6F00E5DDF3 /* Debug */,
				714B598C2ACEDC6F00E5DDF3 /* Release */,
			);
			defaultConfigurationIsVisible = 0;
			defaultConfigurationName = Release;
		};
/* End XCConfigurationList section */

/* Begin XCRemoteSwiftPackageReference section */
		712FA1C72ACF2F6300901888 /* XCRemoteSwiftPackageReference "Alamofire" */ = {
			isa = XCRemoteSwiftPackageReference;
			repositoryURL = "https://github.com/Alamofire/Alamofire.git";
			requirement = {
				branch = master;
				kind = branch;
			};
		};
		7190174F2AD2E14B00B0665E /* XCRemoteSwiftPackageReference "Reachability.swift" */ = {
			isa = XCRemoteSwiftPackageReference;
			repositoryURL = "https://github.com/ashleymills/Reachability.swift.git";
			requirement = {
				branch = master;
				kind = branch;
			};
		};
/* End XCRemoteSwiftPackageReference section */

/* Begin XCSwiftPackageProductDependency section */
		712FA1C82ACF2F6300901888 /* Alamofire */ = {
			isa = XCSwiftPackageProductDependency;
			package = 712FA1C72ACF2F6300901888 /* XCRemoteSwiftPackageReference "Alamofire" */;
			productName = Alamofire;
		};
		719017502AD2E14C00B0665E /* Reachability */ = {
			isa = XCSwiftPackageProductDependency;
			package = 7190174F2AD2E14B00B0665E /* XCRemoteSwiftPackageReference "Reachability.swift" */;
			productName = Reachability;
		};
/* End XCSwiftPackageProductDependency section */
	};
	rootObject = 714B596E2ACEDC6C00E5DDF3 /* Project object */;
}
